
Microsoft Visual Studio Solution File, Format Version 12.00
# Visual Studio 15
Project("{FAE04EC0-301F-11D3-BF4B-00C04F79EFBC}") = "Didimo.StorePackage.MaleBodies", "Didimo.StorePackage.MaleBodies.csproj", "{A0BC6C48-AD27-C340-0E60-71662AFC8866}"
EndProject
Project("{FAE04EC0-301F-11D3-BF4B-00C04F79EFBC}") = "Assembly-CSharp", "Assembly-CSharp.csproj", "{DF9EA379-D9E7-7A28-CC31-758744E128C1}"
EndProject
Project("{FAE04EC0-301F-11D3-BF4B-00C04F79EFBC}") = "Assembly-CSharp-Editor", "Assembly-CSharp-Editor.csproj", "{9B5BD7D4-6E81-DD20-E954-DDDE02D58177}"
EndProject
Global
	GlobalSection(SolutionConfigurationPlatforms) = preSolution
		Debug|Any CPU = Debug|Any CPU
		Release|Any CPU = Release|Any CPU
	EndGlobalSection
	GlobalSection(ProjectConfigurationPlatforms) = postSolution
		{A0BC6C48-AD27-C340-0E60-71662AFC8866}.Debug|Any CPU.ActiveCfg = Debug|Any CPU
		{A0BC6C48-AD27-C340-0E60-71662AFC8866}.Debug|Any CPU.Build.0 = Debug|Any CPU
		{A0BC6C48-AD27-C340-0E60-71662AFC8866}.Release|Any CPU.ActiveCfg = Release|Any CPU
		{A0BC6C48-AD27-C340-0E60-71662AFC8866}.Release|Any CPU.Build.0 = Release|Any CPU
		{DF9EA379-D9E7-7A28-CC31-758744E128C1}.Debug|Any CPU.ActiveCfg = Debug|Any CPU
		{DF9EA379-D9E7-7A28-CC31-758744E128C1}.Debug|Any CPU.Build.0 = Debug|Any CPU
		{DF9EA379-D9E7-7A28-CC31-758744E128C1}.Release|Any CPU.ActiveCfg = Release|Any CPU
		{DF9EA379-D9E7-7A28-CC31-758744E128C1}.Release|Any CPU.Build.0 = Release|Any CPU
		{9B5BD7D4-6E81-DD20-E954-DDDE02D58177}.Debug|Any CPU.ActiveCfg = Debug|Any CPU
		{9B5BD7D4-6E81-DD20-E954-DDDE02D58177}.Debug|Any CPU.Build.0 = Debug|Any CPU
		{9B5BD7D4-6E81-DD20-E954-DDDE02D58177}.Release|Any CPU.ActiveCfg = Release|Any CPU
		{9B5BD7D4-6E81-DD20-E954-DDDE02D58177}.Release|Any CPU.Build.0 = Release|Any CPU
	EndGlobalSection
	GlobalSection(SolutionProperties) = preSolution
		HideSolutionNode = FALSE
	EndGlobalSection
EndGlobal
